
Microsoft Visual Studio Solution File, Format Version 12.00
# Visual Studio Version 17
VisualStudioVersion = 17.4.33403.182
MinimumVisualStudioVersion = 10.0.40219.1
Project("{9A19103F-16F7-4668-BE54-9A1E7A4F7556}") = "W6TW4A_HFT_2023241.Client", "W6TW4A_HFT_2023241.Client\W6TW4A_HFT_2023241.Client.csproj", "{D837DD22-0323-4A37-AD0A-7776C8100945}"
EndProject
Project("{9A19103F-16F7-4668-BE54-9A1E7A4F7556}") = "W6TW4A_HFT_2023241.Models", "W6TW4A_HFT_2023241.Models\W6TW4A_HFT_2023241.Models.csproj", "{0F225029-5494-4F19-B24C-B03DF2676E7F}"
EndProject
Project("{9A19103F-16F7-4668-BE54-9A1E7A4F7556}") = "W6TW4A_HFT_2023241.Logic", "W6TW4A_HFT_2023241.Logic\W6TW4A_HFT_2023241.Logic.csproj", "{9A245789-36DC-44F8-B7CA-1642D0044E4B}"
EndProject
Project("{9A19103F-16F7-4668-BE54-9A1E7A4F7556}") = "W6TW4A_HFT_2023241.Repository", "W6TW4A_HFT_2023241.Repository\W6TW4A_HFT_2023241.Repository.csproj", "{5F5B6043-6767-4EF2-9E33-CB44768EB0ED}"
EndProject
Project("{9A19103F-16F7-4668-BE54-9A1E7A4F7556}") = "W6TW4A_HFT_2023241.Test", "W6TW4A_HFT_2023241.Test\W6TW4A_HFT_2023241.Test.csproj", "{5FCEE102-3154-4C88-878B-6914CB09A799}"
EndProject
Project("{9A19103F-16F7-4668-BE54-9A1E7A4F7556}") = "W6TW4A_HFT_2023241.Endpoint", "W6TW4A_HFT_2023241.Endpoint\W6TW4A_HFT_2023241.Endpoint.csproj", "{606CEAA7-7513-41EE-BA51-E7E506C88825}"
EndProject
Project("{2150E333-8FDC-42A3-9474-1A3956D46DE8}") = "Backend", "Backend", "{70AA1EC8-1FB4-4E60-8CA1-F96BC2347647}"
EndProject
Project("{2150E333-8FDC-42A3-9474-1A3956D46DE8}") = "Frontend", "Frontend", "{7916E34C-F734-4E89-BAF6-E3AC72B79CD8}"
EndProject
Project("{2150E333-8FDC-42A3-9474-1A3956D46DE8}") = "Shared", "Shared", "{B730FE2C-7B0F-4DC9-8040-29970A297578}"
EndProject
Project("{2150E333-8FDC-42A3-9474-1A3956D46DE8}") = "Others", "Others", "{ED83C31E-EE98-4562-8F28-3494EB6A2616}"
	ProjectSection(SolutionItems) = preProject
		.gitignore = .gitignore
	EndProjectSection
EndProject
Project("{FAE04EC0-301F-11D3-BF4B-00C04F79EFBC}") = "TestConsoleApp", "TestConsoleApp\TestConsoleApp.csproj", "{B4B88A71-395D-4871-B391-4AE8C36725EB}"
	ProjectSection(ProjectDependencies) = postProject
		{0F225029-5494-4F19-B24C-B03DF2676E7F} = {0F225029-5494-4F19-B24C-B03DF2676E7F}
		{5F5B6043-6767-4EF2-9E33-CB44768EB0ED} = {5F5B6043-6767-4EF2-9E33-CB44768EB0ED}
	EndProjectSection
EndProject
Global
	GlobalSection(SolutionConfigurationPlatforms) = preSolution
		Debug|Any CPU = Debug|Any CPU
		Release|Any CPU = Release|Any CPU
	EndGlobalSection
	GlobalSection(ProjectConfigurationPlatforms) = postSolution
		{D837DD22-0323-4A37-AD0A-7776C8100945}.Debug|Any CPU.ActiveCfg = Debug|Any CPU
		{D837DD22-0323-4A37-AD0A-7776C8100945}.Debug|Any CPU.Build.0 = Debug|Any CPU
		{D837DD22-0323-4A37-AD0A-7776C8100945}.Release|Any CPU.ActiveCfg = Release|Any CPU
		{D837DD22-0323-4A37-AD0A-7776C8100945}.Release|Any CPU.Build.0 = Release|Any CPU
		{0F225029-5494-4F19-B24C-B03DF2676E7F}.Debug|Any CPU.ActiveCfg = Debug|Any CPU
		{0F225029-5494-4F19-B24C-B03DF2676E7F}.Debug|Any CPU.Build.0 = Debug|Any CPU
		{0F225029-5494-4F19-B24C-B03DF2676E7F}.Release|Any CPU.ActiveCfg = Release|Any CPU
		{0F225029-5494-4F19-B24C-B03DF2676E7F}.Release|Any CPU.Build.0 = Release|Any CPU
		{9A245789-36DC-44F8-B7CA-1642D0044E4B}.Debug|Any CPU.ActiveCfg = Debug|Any CPU
		{9A245789-36DC-44F8-B7CA-1642D0044E4B}.Debug|Any CPU.Build.0 = Debug|Any CPU
		{9A245789-36DC-44F8-B7CA-1642D0044E4B}.Release|Any CPU.ActiveCfg = Release|Any CPU
		{9A245789-36DC-44F8-B7CA-1642D0044E4B}.Release|Any CPU.Build.0 = Release|Any CPU
		{5F5B6043-6767-4EF2-9E33-CB44768EB0ED}.Debug|Any CPU.ActiveCfg = Debug|Any CPU
		{5F5B6043-6767-4EF2-9E33-CB44768EB0ED}.Debug|Any CPU.Build.0 = Debug|Any CPU
		{5F5B6043-6767-4EF2-9E33-CB44768EB0ED}.Release|Any CPU.ActiveCfg = Release|Any CPU
		{5F5B6043-6767-4EF2-9E33-CB44768EB0ED}.Release|Any CPU.Build.0 = Release|Any CPU
		{5FCEE102-3154-4C88-878B-6914CB09A799}.Debug|Any CPU.ActiveCfg = Debug|Any CPU
		{5FCEE102-3154-4C88-878B-6914CB09A799}.Debug|Any CPU.Build.0 = Debug|Any CPU
		{5FCEE102-3154-4C88-878B-6914CB09A799}.Release|Any CPU.ActiveCfg = Release|Any CPU
		{5FCEE102-3154-4C88-878B-6914CB09A799}.Release|Any CPU.Build.0 = Release|Any CPU
		{606CEAA7-7513-41EE-BA51-E7E506C88825}.Debug|Any CPU.ActiveCfg = Debug|Any CPU
		{606CEAA7-7513-41EE-BA51-E7E506C88825}.Debug|Any CPU.Build.0 = Debug|Any CPU
		{606CEAA7-7513-41EE-BA51-E7E506C88825}.Release|Any CPU.ActiveCfg = Release|Any CPU
		{606CEAA7-7513-41EE-BA51-E7E506C88825}.Release|Any CPU.Build.0 = Release|Any CPU
		{B4B88A71-395D-4871-B391-4AE8C36725EB}.Debug|Any CPU.ActiveCfg = Debug|Any CPU
		{B4B88A71-395D-4871-B391-4AE8C36725EB}.Debug|Any CPU.Build.0 = Debug|Any CPU
		{B4B88A71-395D-4871-B391-4AE8C36725EB}.Release|Any CPU.ActiveCfg = Release|Any CPU
		{B4B88A71-395D-4871-B391-4AE8C36725EB}.Release|Any CPU.Build.0 = Release|Any CPU
	EndGlobalSection
	GlobalSection(SolutionProperties) = preSolution
		HideSolutionNode = FALSE
	EndGlobalSection
	GlobalSection(NestedProjects) = preSolution
		{D837DD22-0323-4A37-AD0A-7776C8100945} = {7916E34C-F734-4E89-BAF6-E3AC72B79CD8}
		{0F225029-5494-4F19-B24C-B03DF2676E7F} = {B730FE2C-7B0F-4DC9-8040-29970A297578}
		{9A245789-36DC-44F8-B7CA-1642D0044E4B} = {70AA1EC8-1FB4-4E60-8CA1-F96BC2347647}
		{5F5B6043-6767-4EF2-9E33-CB44768EB0ED} = {70AA1EC8-1FB4-4E60-8CA1-F96BC2347647}
		{5FCEE102-3154-4C88-878B-6914CB09A799} = {70AA1EC8-1FB4-4E60-8CA1-F96BC2347647}
		{606CEAA7-7513-41EE-BA51-E7E506C88825} = {70AA1EC8-1FB4-4E60-8CA1-F96BC2347647}
		{B4B88A71-395D-4871-B391-4AE8C36725EB} = {70AA1EC8-1FB4-4E60-8CA1-F96BC2347647}
	EndGlobalSection
	GlobalSection(ExtensibilityGlobals) = postSolution
		SolutionGuid = {707060F4-D767-47AC-B1D7-9925658F265A}
	EndGlobalSection
EndGlobal
